
Microsoft Visual Studio Solution File, Format Version 12.00
# Visual Studio Version 17
VisualStudioVersion = 17.2.32616.157
MinimumVisualStudioVersion = 10.0.40219.1
Project("{FAE04EC0-301F-11D3-BF4B-00C04F79EFBC}") = "JWT", "JWT\JWT.csproj", "{5B0B4555-ADD0-471E-95F3-947FAF6226DD}"
EndProject
Global
	GlobalSection(SolutionConfigurationPlatforms) = preSolution
		Debug|Any CPU = Debug|Any CPU
		Release|Any CPU = Release|Any CPU
	EndGlobalSection
	GlobalSection(ProjectConfigurationPlatforms) = postSolution
		{5B0B4555-ADD0-471E-95F3-947FAF6226DD}.Debug|Any CPU.ActiveCfg = Debug|Any CPU
		{5B0B4555-ADD0-471E-95F3-947FAF6226DD}.Debug|Any CPU.Build.0 = Debug|Any CPU
		{5B0B4555-ADD0-471E-95F3-947FAF6226DD}.Release|Any CPU.ActiveCfg = Release|Any CPU
		{5B0B4555-ADD0-471E-95F3-947FAF6226DD}.Release|Any CPU.Build.0 = Release|Any CPU
	EndGlobalSection
	GlobalSection(SolutionProperties) = preSolution
		HideSolutionNode = FALSE
	EndGlobalSection
	GlobalSection(ExtensibilityGlobals) = postSolution
		SolutionGuid = {38F99393-F414-4C4A-A593-849AAE7C7A7E}
	EndGlobalSection
EndGlobal
